
Microsoft Visual Studio Solution File, Format Version 12.00
# Visual Studio Version 17
VisualStudioVersion = 17.10.35122.118
MinimumVisualStudioVersion = 10.0.40219.1
Project("{FAE04EC0-301F-11D3-BF4B-00C04F79EFBC}") = "SocialMediaWeb", "SocialMediaWeb\SocialMediaWeb.csproj", "{4D570421-788A-4646-809A-8E46D112089B}"
EndProject
Global
	GlobalSection(SolutionConfigurationPlatforms) = preSolution
		Debug|Any CPU = Debug|Any CPU
		Release|Any CPU = Release|Any CPU
	EndGlobalSection
	GlobalSection(ProjectConfigurationPlatforms) = postSolution
		{4D570421-788A-4646-809A-8E46D112089B}.Debug|Any CPU.ActiveCfg = Debug|Any CPU
		{4D570421-788A-4646-809A-8E46D112089B}.Debug|Any CPU.Build.0 = Debug|Any CPU
		{4D570421-788A-4646-809A-8E46D112089B}.Release|Any CPU.ActiveCfg = Release|Any CPU
		{4D570421-788A-4646-809A-8E46D112089B}.Release|Any CPU.Build.0 = Release|Any CPU
	EndGlobalSection
	GlobalSection(SolutionProperties) = preSolution
		HideSolutionNode = FALSE
	EndGlobalSection
	GlobalSection(ExtensibilityGlobals) = postSolution
		SolutionGuid = {7ADD2012-FEB9-4B7A-8831-F5FBEB165A9E}
	EndGlobalSection
EndGlobal
